
Microsoft Visual Studio Solution File, Format Version 12.00
# Visual Studio 14
VisualStudioVersion = 14.0.25123.0
MinimumVisualStudioVersion = 10.0.40219.1
Project("{FAE04EC0-301F-11D3-BF4B-00C04F79EFBC}") = "AWright18.PipeTo", "source\AWright18.PipeTo\AWright18.PipeTo.csproj", "{860C6BB2-4708-461F-9052-33862020A907}"
EndProject
Project("{2150E333-8FDC-42A3-9474-1A3956D46DE8}") = "Build", "Build", "{2B893FFB-CC19-4180-AF8D-44C94DDB3ED0}"
	ProjectSection(SolutionItems) = preProject
		.gitattributes = .gitattributes
		.gitignore = .gitignore
		AWright18.PipeTo.nuspec = AWright18.PipeTo.nuspec
		build.bat = build.bat
		build.fsx = build.fsx
		CreatePackage.bat = CreatePackage.bat
	EndProjectSection
EndProject
Project("{FAE04EC0-301F-11D3-BF4B-00C04F79EFBC}") = "AWright18.PIpeTo.CodeGenerator", "source\AWright18.PIpeTo.CodeGenerator\AWright18.PIpeTo.CodeGenerator.csproj", "{5B8B3020-D7D4-454B-8617-9271F564B871}"
EndProject
Global
	GlobalSection(SolutionConfigurationPlatforms) = preSolution
		Debug|Any CPU = Debug|Any CPU
		Release|Any CPU = Release|Any CPU
	EndGlobalSection
	GlobalSection(ProjectConfigurationPlatforms) = postSolution
		{860C6BB2-4708-461F-9052-33862020A907}.Debug|Any CPU.ActiveCfg = Debug|Any CPU
		{860C6BB2-4708-461F-9052-33862020A907}.Debug|Any CPU.Build.0 = Debug|Any CPU
		{860C6BB2-4708-461F-9052-33862020A907}.Release|Any CPU.ActiveCfg = Release|Any CPU
		{860C6BB2-4708-461F-9052-33862020A907}.Release|Any CPU.Build.0 = Release|Any CPU
		{5B8B3020-D7D4-454B-8617-9271F564B871}.Debug|Any CPU.ActiveCfg = Debug|Any CPU
		{5B8B3020-D7D4-454B-8617-9271F564B871}.Debug|Any CPU.Build.0 = Debug|Any CPU
		{5B8B3020-D7D4-454B-8617-9271F564B871}.Release|Any CPU.ActiveCfg = Release|Any CPU
		{5B8B3020-D7D4-454B-8617-9271F564B871}.Release|Any CPU.Build.0 = Release|Any CPU
	EndGlobalSection
	GlobalSection(SolutionProperties) = preSolution
		HideSolutionNode = FALSE
	EndGlobalSection
EndGlobal
